
Microsoft Visual Studio Solution File, Format Version 12.00
# Visual Studio Version 16
VisualStudioVersion = 16.0.30330.147
MinimumVisualStudioVersion = 10.0.40219.1
Project("{FAE04EC0-301F-11D3-BF4B-00C04F79EFBC}") = "EFCoreInAction", "EFCoreInAction\EFCoreInAction.csproj", "{F7F03DE8-7769-4233-80C6-8EEBCBB3BF9B}"
EndProject
Project("{FAE04EC0-301F-11D3-BF4B-00C04F79EFBC}") = "DataLayer", "DataLayer\DataLayer.csproj", "{E2FD80FE-8809-43D9-BE56-ED74C4005CB8}"
EndProject
Project("{FAE04EC0-301F-11D3-BF4B-00C04F79EFBC}") = "BizLogic", "BizLogic\BizLogic.csproj", "{BF0CA078-5CE7-4DC1-9314-095ECBF3D1A8}"
EndProject
Project("{FAE04EC0-301F-11D3-BF4B-00C04F79EFBC}") = "BizDbAccess", "BizDbAccess\BizDbAccess.csproj", "{CCE5BECC-3566-4A2F-A529-FF4C4073916B}"
EndProject
Global
	GlobalSection(SolutionConfigurationPlatforms) = preSolution
		Debug|Any CPU = Debug|Any CPU
		Release|Any CPU = Release|Any CPU
	EndGlobalSection
	GlobalSection(ProjectConfigurationPlatforms) = postSolution
		{F7F03DE8-7769-4233-80C6-8EEBCBB3BF9B}.Debug|Any CPU.ActiveCfg = Debug|Any CPU
		{F7F03DE8-7769-4233-80C6-8EEBCBB3BF9B}.Debug|Any CPU.Build.0 = Debug|Any CPU
		{F7F03DE8-7769-4233-80C6-8EEBCBB3BF9B}.Release|Any CPU.ActiveCfg = Release|Any CPU
		{F7F03DE8-7769-4233-80C6-8EEBCBB3BF9B}.Release|Any CPU.Build.0 = Release|Any CPU
		{E2FD80FE-8809-43D9-BE56-ED74C4005CB8}.Debug|Any CPU.ActiveCfg = Debug|Any CPU
		{E2FD80FE-8809-43D9-BE56-ED74C4005CB8}.Debug|Any CPU.Build.0 = Debug|Any CPU
		{E2FD80FE-8809-43D9-BE56-ED74C4005CB8}.Release|Any CPU.ActiveCfg = Release|Any CPU
		{E2FD80FE-8809-43D9-BE56-ED74C4005CB8}.Release|Any CPU.Build.0 = Release|Any CPU
		{BF0CA078-5CE7-4DC1-9314-095ECBF3D1A8}.Debug|Any CPU.ActiveCfg = Debug|Any CPU
		{BF0CA078-5CE7-4DC1-9314-095ECBF3D1A8}.Debug|Any CPU.Build.0 = Debug|Any CPU
		{BF0CA078-5CE7-4DC1-9314-095ECBF3D1A8}.Release|Any CPU.ActiveCfg = Release|Any CPU
		{BF0CA078-5CE7-4DC1-9314-095ECBF3D1A8}.Release|Any CPU.Build.0 = Release|Any CPU
		{CCE5BECC-3566-4A2F-A529-FF4C4073916B}.Debug|Any CPU.ActiveCfg = Debug|Any CPU
		{CCE5BECC-3566-4A2F-A529-FF4C4073916B}.Debug|Any CPU.Build.0 = Debug|Any CPU
		{CCE5BECC-3566-4A2F-A529-FF4C4073916B}.Release|Any CPU.ActiveCfg = Release|Any CPU
		{CCE5BECC-3566-4A2F-A529-FF4C4073916B}.Release|Any CPU.Build.0 = Release|Any CPU
	EndGlobalSection
	GlobalSection(SolutionProperties) = preSolution
		HideSolutionNode = FALSE
	EndGlobalSection
	GlobalSection(ExtensibilityGlobals) = postSolution
		SolutionGuid = {F82BA899-F1C8-407C-8EE9-6C9EAED8A90E}
	EndGlobalSection
EndGlobal
